
Microsoft Visual Studio Solution File, Format Version 12.00
# Visual Studio 15
Project("{FAE04EC0-301F-11D3-BF4B-00C04F79EFBC}") = "Assembly-CSharp", "Assembly-CSharp.csproj", "{C8BCBB75-0FCC-4027-7172-313351493AB8}"
EndProject
Project("{FAE04EC0-301F-11D3-BF4B-00C04F79EFBC}") = "Assembly-CSharp-firstpass", "Assembly-CSharp-firstpass.csproj", "{93DA0243-DD65-4F36-F6C1-3B144D14DD30}"
EndProject
Project("{FAE04EC0-301F-11D3-BF4B-00C04F79EFBC}") = "Assembly-CSharp-Editor-firstpass", "Assembly-CSharp-Editor-firstpass.csproj", "{2807C28D-C0D7-03D4-20B2-9013DAAEEFB5}"
EndProject
Project("{FAE04EC0-301F-11D3-BF4B-00C04F79EFBC}") = "Assembly-CSharp-Editor", "Assembly-CSharp-Editor.csproj", "{A70CD733-2CF0-D2E8-B9D5-4598A0EEFC0F}"
EndProject
Global
	GlobalSection(SolutionConfigurationPlatforms) = preSolution
		Debug|Any CPU = Debug|Any CPU
		Release|Any CPU = Release|Any CPU
	EndGlobalSection
	GlobalSection(ProjectConfigurationPlatforms) = postSolution
		{C8BCBB75-0FCC-4027-7172-313351493AB8}.Debug|Any CPU.ActiveCfg = Debug|Any CPU
		{C8BCBB75-0FCC-4027-7172-313351493AB8}.Debug|Any CPU.Build.0 = Debug|Any CPU
		{C8BCBB75-0FCC-4027-7172-313351493AB8}.Release|Any CPU.ActiveCfg = Release|Any CPU
		{C8BCBB75-0FCC-4027-7172-313351493AB8}.Release|Any CPU.Build.0 = Release|Any CPU
		{93DA0243-DD65-4F36-F6C1-3B144D14DD30}.Debug|Any CPU.ActiveCfg = Debug|Any CPU
		{93DA0243-DD65-4F36-F6C1-3B144D14DD30}.Debug|Any CPU.Build.0 = Debug|Any CPU
		{93DA0243-DD65-4F36-F6C1-3B144D14DD30}.Release|Any CPU.ActiveCfg = Release|Any CPU
		{93DA0243-DD65-4F36-F6C1-3B144D14DD30}.Release|Any CPU.Build.0 = Release|Any CPU
		{2807C28D-C0D7-03D4-20B2-9013DAAEEFB5}.Debug|Any CPU.ActiveCfg = Debug|Any CPU
		{2807C28D-C0D7-03D4-20B2-9013DAAEEFB5}.Debug|Any CPU.Build.0 = Debug|Any CPU
		{2807C28D-C0D7-03D4-20B2-9013DAAEEFB5}.Release|Any CPU.ActiveCfg = Release|Any CPU
		{2807C28D-C0D7-03D4-20B2-9013DAAEEFB5}.Release|Any CPU.Build.0 = Release|Any CPU
		{A70CD733-2CF0-D2E8-B9D5-4598A0EEFC0F}.Debug|Any CPU.ActiveCfg = Debug|Any CPU
		{A70CD733-2CF0-D2E8-B9D5-4598A0EEFC0F}.Debug|Any CPU.Build.0 = Debug|Any CPU
		{A70CD733-2CF0-D2E8-B9D5-4598A0EEFC0F}.Release|Any CPU.ActiveCfg = Release|Any CPU
		{A70CD733-2CF0-D2E8-B9D5-4598A0EEFC0F}.Release|Any CPU.Build.0 = Release|Any CPU
	EndGlobalSection
	GlobalSection(SolutionProperties) = preSolution
		HideSolutionNode = FALSE
	EndGlobalSection
EndGlobal
